
Microsoft Visual Studio Solution File, Format Version 12.00
# Visual Studio Version 17
VisualStudioVersion = 17.5.002.0
MinimumVisualStudioVersion = 10.0.40219.1
Project("{9A19103F-16F7-4668-BE54-9A1E7A4F7556}") = "RectangleApi", "RectangleApi\RectangleApi.csproj", "{298E95B9-4ED3-4328-BE7B-A83E3357E683}"
EndProject
Global
	GlobalSection(SolutionConfigurationPlatforms) = preSolution
		Debug|Any CPU = Debug|Any CPU
		Release|Any CPU = Release|Any CPU
	EndGlobalSection
	GlobalSection(ProjectConfigurationPlatforms) = postSolution
		{298E95B9-4ED3-4328-BE7B-A83E3357E683}.Debug|Any CPU.ActiveCfg = Debug|Any CPU
		{298E95B9-4ED3-4328-BE7B-A83E3357E683}.Debug|Any CPU.Build.0 = Debug|Any CPU
		{298E95B9-4ED3-4328-BE7B-A83E3357E683}.Release|Any CPU.ActiveCfg = Release|Any CPU
		{298E95B9-4ED3-4328-BE7B-A83E3357E683}.Release|Any CPU.Build.0 = Release|Any CPU
	EndGlobalSection
	GlobalSection(SolutionProperties) = preSolution
		HideSolutionNode = FALSE
	EndGlobalSection
	GlobalSection(ExtensibilityGlobals) = postSolution
		SolutionGuid = {AEC4FD59-5F58-442B-B25D-A9ED7FE4DB20}
	EndGlobalSection
EndGlobal
